
Microsoft Visual Studio Solution File, Format Version 12.00
# Visual Studio 15
VisualStudioVersion = 15.0.27130.2010
MinimumVisualStudioVersion = 10.0.40219.1
Project("{FAE04EC0-301F-11D3-BF4B-00C04F79EFBC}") = "ERP", "ERP\ERP.csproj", "{D913CC3A-6CB3-4BC9-BE00-31292EE3E315}"
EndProject
Project("{FAE04EC0-301F-11D3-BF4B-00C04F79EFBC}") = "BackupMySql", "..\..\BackupMySql\BackupMySql\BackupMySql.csproj", "{F18AFC10-7782-4192-9775-1CB54DDCEF7D}"
EndProject
Global
	GlobalSection(SolutionConfigurationPlatforms) = preSolution
		Debug|Any CPU = Debug|Any CPU
		Release|Any CPU = Release|Any CPU
	EndGlobalSection
	GlobalSection(ProjectConfigurationPlatforms) = postSolution
		{D913CC3A-6CB3-4BC9-BE00-31292EE3E315}.Debug|Any CPU.ActiveCfg = Debug|Any CPU
		{D913CC3A-6CB3-4BC9-BE00-31292EE3E315}.Debug|Any CPU.Build.0 = Debug|Any CPU
		{D913CC3A-6CB3-4BC9-BE00-31292EE3E315}.Release|Any CPU.ActiveCfg = Release|Any CPU
		{D913CC3A-6CB3-4BC9-BE00-31292EE3E315}.Release|Any CPU.Build.0 = Release|Any CPU
		{F18AFC10-7782-4192-9775-1CB54DDCEF7D}.Debug|Any CPU.ActiveCfg = Debug|Any CPU
		{F18AFC10-7782-4192-9775-1CB54DDCEF7D}.Debug|Any CPU.Build.0 = Debug|Any CPU
		{F18AFC10-7782-4192-9775-1CB54DDCEF7D}.Release|Any CPU.ActiveCfg = Release|Any CPU
		{F18AFC10-7782-4192-9775-1CB54DDCEF7D}.Release|Any CPU.Build.0 = Release|Any CPU
	EndGlobalSection
	GlobalSection(SolutionProperties) = preSolution
		HideSolutionNode = FALSE
	EndGlobalSection
	GlobalSection(ExtensibilityGlobals) = postSolution
		SolutionGuid = {8A974628-BFDD-4413-B16D-BB8252BBC5F7}
	EndGlobalSection
EndGlobal
